
Microsoft Visual Studio Solution File, Format Version 12.00
# Visual Studio Version 17
VisualStudioVersion = 17.1.32407.343
MinimumVisualStudioVersion = 10.0.40219.1
Project("{FAE04EC0-301F-11D3-BF4B-00C04F79EFBC}") = "VolumeCorrector", "VolumeCorrector\VolumeCorrector.csproj", "{5474EEF0-4BF9-4FE8-8752-7C6243D2B35E}"
EndProject
Project("{FAE04EC0-301F-11D3-BF4B-00C04F79EFBC}") = "Injection", "Injection\Injection.csproj", "{15B388AC-412D-4555-8271-8D685ED16573}"
EndProject
Project("{9A19103F-16F7-4668-BE54-9A1E7A4F7556}") = "VolumeCorrector.Core", "VolumeCorrector.Core\VolumeCorrector.Core.csproj", "{4136DD1D-25F8-4AFA-AAD3-AA6EFBD9A8A4}"
EndProject
Project("{9A19103F-16F7-4668-BE54-9A1E7A4F7556}") = "VolumeCorrector.Application", "VolumeCorrector.Application\VolumeCorrector.Application.csproj", "{F41E0302-3D0F-4D4B-871B-BFD5C5B4D504}"
EndProject
Project("{9A19103F-16F7-4668-BE54-9A1E7A4F7556}") = "VolumeCorrector.Console", "VolumeCorrector.Console\VolumeCorrector.Console.csproj", "{9A9A99B0-4E32-40AF-BD89-D62DB2F4FA31}"
EndProject
Project("{9A19103F-16F7-4668-BE54-9A1E7A4F7556}") = "VolumeCorrector.Bass", "VolumeCorrector.Bass\VolumeCorrector.Bass.csproj", "{904E411A-FDF6-402C-99B3-227A9E47F0AE}"
EndProject
Project("{FAE04EC0-301F-11D3-BF4B-00C04F79EFBC}") = "VolumeCorrector.PulseAudio", "VolumeCorrector.PulseAudio\VolumeCorrector.PulseAudio.csproj", "{5121E196-4CFE-4547-98B2-C9889259DA90}"
EndProject
Global
	GlobalSection(SolutionConfigurationPlatforms) = preSolution
		Debug LINUX|Any CPU = Debug LINUX|Any CPU
		Debug LINUX|x86 = Debug LINUX|x86
		Debug WIN|Any CPU = Debug WIN|Any CPU
		Debug WIN|x86 = Debug WIN|x86
		Debug|Any CPU = Debug|Any CPU
		Debug|x86 = Debug|x86
		Release LINUX|Any CPU = Release LINUX|Any CPU
		Release LINUX|x86 = Release LINUX|x86
		Release WIN|Any CPU = Release WIN|Any CPU
		Release WIN|x86 = Release WIN|x86
		Release|Any CPU = Release|Any CPU
		Release|x86 = Release|x86
	EndGlobalSection
	GlobalSection(ProjectConfigurationPlatforms) = postSolution
		{5474EEF0-4BF9-4FE8-8752-7C6243D2B35E}.Debug LINUX|Any CPU.ActiveCfg = Debug|Any CPU
		{5474EEF0-4BF9-4FE8-8752-7C6243D2B35E}.Debug LINUX|Any CPU.Build.0 = Debug|Any CPU
		{5474EEF0-4BF9-4FE8-8752-7C6243D2B35E}.Debug LINUX|x86.ActiveCfg = Debug|Any CPU
		{5474EEF0-4BF9-4FE8-8752-7C6243D2B35E}.Debug LINUX|x86.Build.0 = Debug|Any CPU
		{5474EEF0-4BF9-4FE8-8752-7C6243D2B35E}.Debug WIN|Any CPU.ActiveCfg = Debug|Any CPU
		{5474EEF0-4BF9-4FE8-8752-7C6243D2B35E}.Debug WIN|Any CPU.Build.0 = Debug|Any CPU
		{5474EEF0-4BF9-4FE8-8752-7C6243D2B35E}.Debug WIN|x86.ActiveCfg = Debug|Any CPU
		{5474EEF0-4BF9-4FE8-8752-7C6243D2B35E}.Debug WIN|x86.Build.0 = Debug|Any CPU
		{5474EEF0-4BF9-4FE8-8752-7C6243D2B35E}.Debug|Any CPU.ActiveCfg = Debug|Any CPU
		{5474EEF0-4BF9-4FE8-8752-7C6243D2B35E}.Debug|x86.ActiveCfg = Debug|Any CPU
		{5474EEF0-4BF9-4FE8-8752-7C6243D2B35E}.Release LINUX|Any CPU.ActiveCfg = Release|Any CPU
		{5474EEF0-4BF9-4FE8-8752-7C6243D2B35E}.Release LINUX|x86.ActiveCfg = Release|Any CPU
		{5474EEF0-4BF9-4FE8-8752-7C6243D2B35E}.Release WIN|Any CPU.ActiveCfg = Release|Any CPU
		{5474EEF0-4BF9-4FE8-8752-7C6243D2B35E}.Release WIN|Any CPU.Build.0 = Release|Any CPU
		{5474EEF0-4BF9-4FE8-8752-7C6243D2B35E}.Release WIN|x86.ActiveCfg = Release|Any CPU
		{5474EEF0-4BF9-4FE8-8752-7C6243D2B35E}.Release WIN|x86.Build.0 = Release|Any CPU
		{5474EEF0-4BF9-4FE8-8752-7C6243D2B35E}.Release|Any CPU.ActiveCfg = Release|Any CPU
		{5474EEF0-4BF9-4FE8-8752-7C6243D2B35E}.Release|x86.ActiveCfg = Release|Any CPU
		{15B388AC-412D-4555-8271-8D685ED16573}.Debug LINUX|Any CPU.ActiveCfg = Debug|Any CPU
		{15B388AC-412D-4555-8271-8D685ED16573}.Debug LINUX|Any CPU.Build.0 = Debug|Any CPU
		{15B388AC-412D-4555-8271-8D685ED16573}.Debug LINUX|x86.ActiveCfg = Debug|Any CPU
		{15B388AC-412D-4555-8271-8D685ED16573}.Debug LINUX|x86.Build.0 = Debug|Any CPU
		{15B388AC-412D-4555-8271-8D685ED16573}.Debug WIN|Any CPU.ActiveCfg = Debug|Any CPU
		{15B388AC-412D-4555-8271-8D685ED16573}.Debug WIN|Any CPU.Build.0 = Debug|Any CPU
		{15B388AC-412D-4555-8271-8D685ED16573}.Debug WIN|x86.ActiveCfg = Debug|Any CPU
		{15B388AC-412D-4555-8271-8D685ED16573}.Debug WIN|x86.Build.0 = Debug|Any CPU
		{15B388AC-412D-4555-8271-8D685ED16573}.Debug|Any CPU.ActiveCfg = Debug|Any CPU
		{15B388AC-412D-4555-8271-8D685ED16573}.Debug|x86.ActiveCfg = Debug|Any CPU
		{15B388AC-412D-4555-8271-8D685ED16573}.Release LINUX|Any CPU.ActiveCfg = Release|Any CPU
		{15B388AC-412D-4555-8271-8D685ED16573}.Release LINUX|x86.ActiveCfg = Release|Any CPU
		{15B388AC-412D-4555-8271-8D685ED16573}.Release WIN|Any CPU.ActiveCfg = Release|Any CPU
		{15B388AC-412D-4555-8271-8D685ED16573}.Release WIN|Any CPU.Build.0 = Release|Any CPU
		{15B388AC-412D-4555-8271-8D685ED16573}.Release WIN|x86.ActiveCfg = Release|Any CPU
		{15B388AC-412D-4555-8271-8D685ED16573}.Release WIN|x86.Build.0 = Release|Any CPU
		{15B388AC-412D-4555-8271-8D685ED16573}.Release|Any CPU.ActiveCfg = Release|Any CPU
		{15B388AC-412D-4555-8271-8D685ED16573}.Release|x86.ActiveCfg = Release|Any CPU
		{4136DD1D-25F8-4AFA-AAD3-AA6EFBD9A8A4}.Debug LINUX|Any CPU.ActiveCfg = Debug|Any CPU
		{4136DD1D-25F8-4AFA-AAD3-AA6EFBD9A8A4}.Debug LINUX|Any CPU.Build.0 = Debug|Any CPU
		{4136DD1D-25F8-4AFA-AAD3-AA6EFBD9A8A4}.Debug LINUX|x86.ActiveCfg = Debug|Any CPU
		{4136DD1D-25F8-4AFA-AAD3-AA6EFBD9A8A4}.Debug LINUX|x86.Build.0 = Debug|Any CPU
		{4136DD1D-25F8-4AFA-AAD3-AA6EFBD9A8A4}.Debug WIN|Any CPU.ActiveCfg = Debug|Any CPU
		{4136DD1D-25F8-4AFA-AAD3-AA6EFBD9A8A4}.Debug WIN|Any CPU.Build.0 = Debug|Any CPU
		{4136DD1D-25F8-4AFA-AAD3-AA6EFBD9A8A4}.Debug WIN|x86.ActiveCfg = Debug|Any CPU
		{4136DD1D-25F8-4AFA-AAD3-AA6EFBD9A8A4}.Debug WIN|x86.Build.0 = Debug|Any CPU
		{4136DD1D-25F8-4AFA-AAD3-AA6EFBD9A8A4}.Debug|Any CPU.ActiveCfg = Debug|Any CPU
		{4136DD1D-25F8-4AFA-AAD3-AA6EFBD9A8A4}.Debug|Any CPU.Build.0 = Debug|Any CPU
		{4136DD1D-25F8-4AFA-AAD3-AA6EFBD9A8A4}.Debug|x86.ActiveCfg = Debug|Any CPU
		{4136DD1D-25F8-4AFA-AAD3-AA6EFBD9A8A4}.Debug|x86.Build.0 = Debug|Any CPU
		{4136DD1D-25F8-4AFA-AAD3-AA6EFBD9A8A4}.Release LINUX|Any CPU.ActiveCfg = Release|Any CPU
		{4136DD1D-25F8-4AFA-AAD3-AA6EFBD9A8A4}.Release LINUX|Any CPU.Build.0 = Release|Any CPU
		{4136DD1D-25F8-4AFA-AAD3-AA6EFBD9A8A4}.Release LINUX|x86.ActiveCfg = Release|Any CPU
		{4136DD1D-25F8-4AFA-AAD3-AA6EFBD9A8A4}.Release LINUX|x86.Build.0 = Release|Any CPU
		{4136DD1D-25F8-4AFA-AAD3-AA6EFBD9A8A4}.Release WIN|Any CPU.ActiveCfg = Release|Any CPU
		{4136DD1D-25F8-4AFA-AAD3-AA6EFBD9A8A4}.Release WIN|Any CPU.Build.0 = Release|Any CPU
		{4136DD1D-25F8-4AFA-AAD3-AA6EFBD9A8A4}.Release WIN|x86.ActiveCfg = Release|Any CPU
		{4136DD1D-25F8-4AFA-AAD3-AA6EFBD9A8A4}.Release WIN|x86.Build.0 = Release|Any CPU
		{4136DD1D-25F8-4AFA-AAD3-AA6EFBD9A8A4}.Release|Any CPU.ActiveCfg = Release|Any CPU
		{4136DD1D-25F8-4AFA-AAD3-AA6EFBD9A8A4}.Release|Any CPU.Build.0 = Release|Any CPU
		{4136DD1D-25F8-4AFA-AAD3-AA6EFBD9A8A4}.Release|x86.ActiveCfg = Release|Any CPU
		{4136DD1D-25F8-4AFA-AAD3-AA6EFBD9A8A4}.Release|x86.Build.0 = Release|Any CPU
		{F41E0302-3D0F-4D4B-871B-BFD5C5B4D504}.Debug LINUX|Any CPU.ActiveCfg = Debug|Any CPU
		{F41E0302-3D0F-4D4B-871B-BFD5C5B4D504}.Debug LINUX|Any CPU.Build.0 = Debug|Any CPU
		{F41E0302-3D0F-4D4B-871B-BFD5C5B4D504}.Debug LINUX|x86.ActiveCfg = Debug|Any CPU
		{F41E0302-3D0F-4D4B-871B-BFD5C5B4D504}.Debug LINUX|x86.Build.0 = Debug|Any CPU
		{F41E0302-3D0F-4D4B-871B-BFD5C5B4D504}.Debug WIN|Any CPU.ActiveCfg = Debug|Any CPU
		{F41E0302-3D0F-4D4B-871B-BFD5C5B4D504}.Debug WIN|Any CPU.Build.0 = Debug|Any CPU
		{F41E0302-3D0F-4D4B-871B-BFD5C5B4D504}.Debug WIN|x86.ActiveCfg = Debug|Any CPU
		{F41E0302-3D0F-4D4B-871B-BFD5C5B4D504}.Debug WIN|x86.Build.0 = Debug|Any CPU
		{F41E0302-3D0F-4D4B-871B-BFD5C5B4D504}.Debug|Any CPU.ActiveCfg = Debug|Any CPU
		{F41E0302-3D0F-4D4B-871B-BFD5C5B4D504}.Debug|x86.ActiveCfg = Debug|Any CPU
		{F41E0302-3D0F-4D4B-871B-BFD5C5B4D504}.Release LINUX|Any CPU.ActiveCfg = Release|Any CPU
		{F41E0302-3D0F-4D4B-871B-BFD5C5B4D504}.Release LINUX|x86.ActiveCfg = Release|Any CPU
		{F41E0302-3D0F-4D4B-871B-BFD5C5B4D504}.Release WIN|Any CPU.ActiveCfg = Release|Any CPU
		{F41E0302-3D0F-4D4B-871B-BFD5C5B4D504}.Release WIN|Any CPU.Build.0 = Release|Any CPU
		{F41E0302-3D0F-4D4B-871B-BFD5C5B4D504}.Release WIN|x86.ActiveCfg = Release|Any CPU
		{F41E0302-3D0F-4D4B-871B-BFD5C5B4D504}.Release WIN|x86.Build.0 = Release|Any CPU
		{F41E0302-3D0F-4D4B-871B-BFD5C5B4D504}.Release|Any CPU.ActiveCfg = Release|Any CPU
		{F41E0302-3D0F-4D4B-871B-BFD5C5B4D504}.Release|x86.ActiveCfg = Release|Any CPU
		{9A9A99B0-4E32-40AF-BD89-D62DB2F4FA31}.Debug LINUX|Any CPU.ActiveCfg = Debug LINUX|Any CPU
		{9A9A99B0-4E32-40AF-BD89-D62DB2F4FA31}.Debug LINUX|Any CPU.Build.0 = Debug LINUX|Any CPU
		{9A9A99B0-4E32-40AF-BD89-D62DB2F4FA31}.Debug LINUX|x86.ActiveCfg = Debug WIN|Any CPU
		{9A9A99B0-4E32-40AF-BD89-D62DB2F4FA31}.Debug LINUX|x86.Build.0 = Debug WIN|Any CPU
		{9A9A99B0-4E32-40AF-BD89-D62DB2F4FA31}.Debug WIN|Any CPU.ActiveCfg = Debug WIN|Any CPU
		{9A9A99B0-4E32-40AF-BD89-D62DB2F4FA31}.Debug WIN|Any CPU.Build.0 = Debug WIN|Any CPU
		{9A9A99B0-4E32-40AF-BD89-D62DB2F4FA31}.Debug WIN|x86.ActiveCfg = Debug WIN|Any CPU
		{9A9A99B0-4E32-40AF-BD89-D62DB2F4FA31}.Debug WIN|x86.Build.0 = Debug WIN|Any CPU
		{9A9A99B0-4E32-40AF-BD89-D62DB2F4FA31}.Debug|Any CPU.ActiveCfg = Debug LINUX|Any CPU
		{9A9A99B0-4E32-40AF-BD89-D62DB2F4FA31}.Debug|Any CPU.Build.0 = Debug LINUX|Any CPU
		{9A9A99B0-4E32-40AF-BD89-D62DB2F4FA31}.Debug|x86.ActiveCfg = Debug LINUX|Any CPU
		{9A9A99B0-4E32-40AF-BD89-D62DB2F4FA31}.Debug|x86.Build.0 = Debug LINUX|Any CPU
		{9A9A99B0-4E32-40AF-BD89-D62DB2F4FA31}.Release LINUX|Any CPU.ActiveCfg = Release LINUX|Any CPU
		{9A9A99B0-4E32-40AF-BD89-D62DB2F4FA31}.Release LINUX|Any CPU.Build.0 = Release LINUX|Any CPU
		{9A9A99B0-4E32-40AF-BD89-D62DB2F4FA31}.Release LINUX|x86.ActiveCfg = Release WIN|Any CPU
		{9A9A99B0-4E32-40AF-BD89-D62DB2F4FA31}.Release LINUX|x86.Build.0 = Release WIN|Any CPU
		{9A9A99B0-4E32-40AF-BD89-D62DB2F4FA31}.Release WIN|Any CPU.ActiveCfg = Release WIN|Any CPU
		{9A9A99B0-4E32-40AF-BD89-D62DB2F4FA31}.Release WIN|Any CPU.Build.0 = Release WIN|Any CPU
		{9A9A99B0-4E32-40AF-BD89-D62DB2F4FA31}.Release WIN|x86.ActiveCfg = Release WIN|Any CPU
		{9A9A99B0-4E32-40AF-BD89-D62DB2F4FA31}.Release|Any CPU.ActiveCfg = Release LINUX|Any CPU
		{9A9A99B0-4E32-40AF-BD89-D62DB2F4FA31}.Release|Any CPU.Build.0 = Release LINUX|Any CPU
		{9A9A99B0-4E32-40AF-BD89-D62DB2F4FA31}.Release|x86.ActiveCfg = Release LINUX|Any CPU
		{9A9A99B0-4E32-40AF-BD89-D62DB2F4FA31}.Release|x86.Build.0 = Release LINUX|Any CPU
		{904E411A-FDF6-402C-99B3-227A9E47F0AE}.Debug LINUX|Any CPU.ActiveCfg = Debug|Any CPU
		{904E411A-FDF6-402C-99B3-227A9E47F0AE}.Debug LINUX|Any CPU.Build.0 = Debug|Any CPU
		{904E411A-FDF6-402C-99B3-227A9E47F0AE}.Debug LINUX|x86.ActiveCfg = Debug|Any CPU
		{904E411A-FDF6-402C-99B3-227A9E47F0AE}.Debug LINUX|x86.Build.0 = Debug|Any CPU
		{904E411A-FDF6-402C-99B3-227A9E47F0AE}.Debug WIN|Any CPU.ActiveCfg = Debug|Any CPU
		{904E411A-FDF6-402C-99B3-227A9E47F0AE}.Debug WIN|Any CPU.Build.0 = Debug|Any CPU
		{904E411A-FDF6-402C-99B3-227A9E47F0AE}.Debug WIN|x86.ActiveCfg = Debug|Any CPU
		{904E411A-FDF6-402C-99B3-227A9E47F0AE}.Debug WIN|x86.Build.0 = Debug|Any CPU
		{904E411A-FDF6-402C-99B3-227A9E47F0AE}.Debug|Any CPU.ActiveCfg = Debug|Any CPU
		{904E411A-FDF6-402C-99B3-227A9E47F0AE}.Debug|Any CPU.Build.0 = Debug|Any CPU
		{904E411A-FDF6-402C-99B3-227A9E47F0AE}.Debug|x86.ActiveCfg = Debug|Any CPU
		{904E411A-FDF6-402C-99B3-227A9E47F0AE}.Debug|x86.Build.0 = Debug|Any CPU
		{904E411A-FDF6-402C-99B3-227A9E47F0AE}.Release LINUX|Any CPU.ActiveCfg = Release|Any CPU
		{904E411A-FDF6-402C-99B3-227A9E47F0AE}.Release LINUX|Any CPU.Build.0 = Release|Any CPU
		{904E411A-FDF6-402C-99B3-227A9E47F0AE}.Release LINUX|x86.ActiveCfg = Release|Any CPU
		{904E411A-FDF6-402C-99B3-227A9E47F0AE}.Release LINUX|x86.Build.0 = Release|Any CPU
		{904E411A-FDF6-402C-99B3-227A9E47F0AE}.Release WIN|Any CPU.ActiveCfg = Release|Any CPU
		{904E411A-FDF6-402C-99B3-227A9E47F0AE}.Release WIN|Any CPU.Build.0 = Release|Any CPU
		{904E411A-FDF6-402C-99B3-227A9E47F0AE}.Release WIN|x86.ActiveCfg = Release|Any CPU
		{904E411A-FDF6-402C-99B3-227A9E47F0AE}.Release WIN|x86.Build.0 = Release|Any CPU
		{904E411A-FDF6-402C-99B3-227A9E47F0AE}.Release|Any CPU.ActiveCfg = Release|Any CPU
		{904E411A-FDF6-402C-99B3-227A9E47F0AE}.Release|Any CPU.Build.0 = Release|Any CPU
		{904E411A-FDF6-402C-99B3-227A9E47F0AE}.Release|x86.ActiveCfg = Release|Any CPU
		{904E411A-FDF6-402C-99B3-227A9E47F0AE}.Release|x86.Build.0 = Release|Any CPU
		{5121E196-4CFE-4547-98B2-C9889259DA90}.Debug LINUX|Any CPU.ActiveCfg = Debug|Any CPU
		{5121E196-4CFE-4547-98B2-C9889259DA90}.Debug LINUX|Any CPU.Build.0 = Debug|Any CPU
		{5121E196-4CFE-4547-98B2-C9889259DA90}.Debug LINUX|x86.ActiveCfg = Debug|Any CPU
		{5121E196-4CFE-4547-98B2-C9889259DA90}.Debug LINUX|x86.Build.0 = Debug|Any CPU
		{5121E196-4CFE-4547-98B2-C9889259DA90}.Debug WIN|Any CPU.ActiveCfg = Debug|Any CPU
		{5121E196-4CFE-4547-98B2-C9889259DA90}.Debug WIN|Any CPU.Build.0 = Debug|Any CPU
		{5121E196-4CFE-4547-98B2-C9889259DA90}.Debug WIN|x86.ActiveCfg = Debug|Any CPU
		{5121E196-4CFE-4547-98B2-C9889259DA90}.Debug WIN|x86.Build.0 = Debug|Any CPU
		{5121E196-4CFE-4547-98B2-C9889259DA90}.Debug|Any CPU.ActiveCfg = Debug|Any CPU
		{5121E196-4CFE-4547-98B2-C9889259DA90}.Debug|Any CPU.Build.0 = Debug|Any CPU
		{5121E196-4CFE-4547-98B2-C9889259DA90}.Debug|x86.ActiveCfg = Debug|Any CPU
		{5121E196-4CFE-4547-98B2-C9889259DA90}.Debug|x86.Build.0 = Debug|Any CPU
		{5121E196-4CFE-4547-98B2-C9889259DA90}.Release LINUX|Any CPU.ActiveCfg = Release|Any CPU
		{5121E196-4CFE-4547-98B2-C9889259DA90}.Release LINUX|Any CPU.Build.0 = Release|Any CPU
		{5121E196-4CFE-4547-98B2-C9889259DA90}.Release LINUX|x86.ActiveCfg = Release|Any CPU
		{5121E196-4CFE-4547-98B2-C9889259DA90}.Release LINUX|x86.Build.0 = Release|Any CPU
		{5121E196-4CFE-4547-98B2-C9889259DA90}.Release WIN|Any CPU.ActiveCfg = Release|Any CPU
		{5121E196-4CFE-4547-98B2-C9889259DA90}.Release WIN|Any CPU.Build.0 = Release|Any CPU
		{5121E196-4CFE-4547-98B2-C9889259DA90}.Release WIN|x86.ActiveCfg = Release|Any CPU
		{5121E196-4CFE-4547-98B2-C9889259DA90}.Release WIN|x86.Build.0 = Release|Any CPU
		{5121E196-4CFE-4547-98B2-C9889259DA90}.Release|Any CPU.ActiveCfg = Release|Any CPU
		{5121E196-4CFE-4547-98B2-C9889259DA90}.Release|Any CPU.Build.0 = Release|Any CPU
		{5121E196-4CFE-4547-98B2-C9889259DA90}.Release|x86.ActiveCfg = Release|Any CPU
		{5121E196-4CFE-4547-98B2-C9889259DA90}.Release|x86.Build.0 = Release|Any CPU
	EndGlobalSection
	GlobalSection(SolutionProperties) = preSolution
		HideSolutionNode = FALSE
	EndGlobalSection
	GlobalSection(ExtensibilityGlobals) = postSolution
		SolutionGuid = {260C429B-12FE-4023-9704-63D0D9B643E4}
	EndGlobalSection
EndGlobal
